{
  "name": "solidity-crodwsale",
  "version": "1.6.0",
  "lockfileVersion": 3,
  "requires": true,
  "packages": {
    "": {
      "name": "solidity-crodwsale",
      "version": "1.6.0",
      "license": "MIT",
      "dependencies": {
        "@openzeppelin/contracts": "^4.9.0",
        "solid-struct": "^2.5.0"
      }
    },
    "node_modules/@openzeppelin/contracts": {
      "version": "4.9.0",
      "resolved": "https://registry.npmjs.org/@openzeppelin/contracts/-/contracts-4.9.0.tgz",
      "integrity": "sha512-DUP74AFGKlic2sQb/CmgrN2aUPMFGxRrmCTUxLHsiU2RzwWqVuMPZBxiAyvlff6Pea77uylAX6B5x9W6evEbhA=="
    },
    "node_modules/solid-struct": {
      "version": "2.5.0",
      "resolved": "https://registry.npmjs.org/solid-struct/-/solid-struct-2.5.0.tgz",
      "integrity": "sha512-o2AKEUpY28rMCSUVM1KW5fZKhqppxyewi+1eOJO4j3WKtntnH0a496EQMyjZ8EcKt2GDTx473TrZZ6stt6zNbA==",
      "dependencies": {
        "@openzeppelin/contracts": "^4.9.0"
      }
    },
    "node_modules/solid-struct/node_modules/@openzeppelin/contracts": {
      "version": "4.9.3",
      "resolved": "https://registry.npmjs.org/@openzeppelin/contracts/-/contracts-4.9.3.tgz",
      "integrity": "sha512-He3LieZ1pP2TNt5JbkPA4PNT9WC3gOTOlDcFGJW4Le4QKqwmiNJCRt44APfxMxvq7OugU/cqYuPcSBzOw38DAg=="
    }
  }
}
